
Microsoft Visual Studio Solution File, Format Version 12.00
# Visual Studio 15
VisualStudioVersion = 15.0.28307.852
MinimumVisualStudioVersion = 10.0.40219.1
Project("{FAE04EC0-301F-11D3-BF4B-00C04F79EFBC}") = "PatternExam", "PatternExam\PatternExam.csproj", "{CAD8ECEB-1AB4-4441-A3A1-5F00766F0E21}"
EndProject
Global
	GlobalSection(SolutionConfigurationPlatforms) = preSolution
		Debug|Any CPU = Debug|Any CPU
		Release|Any CPU = Release|Any CPU
	EndGlobalSection
	GlobalSection(ProjectConfigurationPlatforms) = postSolution
		{CAD8ECEB-1AB4-4441-A3A1-5F00766F0E21}.Debug|Any CPU.ActiveCfg = Debug|Any CPU
		{CAD8ECEB-1AB4-4441-A3A1-5F00766F0E21}.Debug|Any CPU.Build.0 = Debug|Any CPU
		{CAD8ECEB-1AB4-4441-A3A1-5F00766F0E21}.Release|Any CPU.ActiveCfg = Release|Any CPU
		{CAD8ECEB-1AB4-4441-A3A1-5F00766F0E21}.Release|Any CPU.Build.0 = Release|Any CPU
	EndGlobalSection
	GlobalSection(SolutionProperties) = preSolution
		HideSolutionNode = FALSE
	EndGlobalSection
	GlobalSection(ExtensibilityGlobals) = postSolution
		SolutionGuid = {54670428-7C1F-4172-B307-23AAC6E47ADB}
	EndGlobalSection
EndGlobal
